
Microsoft Visual Studio Solution File, Format Version 12.00
# Visual Studio 15
VisualStudioVersion = 15.0.28307.645
MinimumVisualStudioVersion = 10.0.40219.1
Project("{FAE04EC0-301F-11D3-BF4B-00C04F79EFBC}") = "ConsoleApp1", "ConsoleApp1\ConsoleApp1.csproj", "{46451BF4-A0D1-4336-97F1-E9EB66B4CBB8}"
EndProject
Project("{E53339B2-1760-4266-BCC7-CA923CBCF16C}") = "docker-compose", "docker-compose.dcproj", "{6890BC9C-76EE-4F6E-A163-B4E6751D4D93}"
EndProject
Global
	GlobalSection(SolutionConfigurationPlatforms) = preSolution
		Debug|Any CPU = Debug|Any CPU
		Release|Any CPU = Release|Any CPU
	EndGlobalSection
	GlobalSection(ProjectConfigurationPlatforms) = postSolution
		{46451BF4-A0D1-4336-97F1-E9EB66B4CBB8}.Debug|Any CPU.ActiveCfg = Debug|Any CPU
		{46451BF4-A0D1-4336-97F1-E9EB66B4CBB8}.Debug|Any CPU.Build.0 = Debug|Any CPU
		{46451BF4-A0D1-4336-97F1-E9EB66B4CBB8}.Release|Any CPU.ActiveCfg = Release|Any CPU
		{46451BF4-A0D1-4336-97F1-E9EB66B4CBB8}.Release|Any CPU.Build.0 = Release|Any CPU
		{6890BC9C-76EE-4F6E-A163-B4E6751D4D93}.Debug|Any CPU.ActiveCfg = Debug|Any CPU
		{6890BC9C-76EE-4F6E-A163-B4E6751D4D93}.Debug|Any CPU.Build.0 = Debug|Any CPU
		{6890BC9C-76EE-4F6E-A163-B4E6751D4D93}.Release|Any CPU.ActiveCfg = Release|Any CPU
		{6890BC9C-76EE-4F6E-A163-B4E6751D4D93}.Release|Any CPU.Build.0 = Release|Any CPU
	EndGlobalSection
	GlobalSection(SolutionProperties) = preSolution
		HideSolutionNode = FALSE
	EndGlobalSection
	GlobalSection(ExtensibilityGlobals) = postSolution
		SolutionGuid = {3A36A0A7-9048-480A-A032-A24024FFF710}
	EndGlobalSection
EndGlobal
